
Microsoft Visual Studio Solution File, Format Version 12.00
# Visual Studio 15
VisualStudioVersion = 15.0.28010.2048
MinimumVisualStudioVersion = 10.0.40219.1
Project("{FAE04EC0-301F-11D3-BF4B-00C04F79EFBC}") = "ProjectSwap", "ProjectSwap\ProjectSwap.csproj", "{27F918B3-545E-41CA-A1C8-6840D0DB05C5}"
EndProject
Global
	GlobalSection(SolutionConfigurationPlatforms) = preSolution
		Debug|x86 = Debug|x86
		Release|x86 = Release|x86
	EndGlobalSection
	GlobalSection(ProjectConfigurationPlatforms) = postSolution
		{27F918B3-545E-41CA-A1C8-6840D0DB05C5}.Debug|x86.ActiveCfg = Debug|x86
		{27F918B3-545E-41CA-A1C8-6840D0DB05C5}.Debug|x86.Build.0 = Debug|x86
		{27F918B3-545E-41CA-A1C8-6840D0DB05C5}.Release|x86.ActiveCfg = Release|x86
		{27F918B3-545E-41CA-A1C8-6840D0DB05C5}.Release|x86.Build.0 = Release|x86
	EndGlobalSection
	GlobalSection(SolutionProperties) = preSolution
		HideSolutionNode = FALSE
	EndGlobalSection
	GlobalSection(ExtensibilityGlobals) = postSolution
		SolutionGuid = {5CE761DB-53FA-444A-99E3-01AA619AD477}
	EndGlobalSection
EndGlobal
